# THIS IS AN AUTOGENERATED FILE. DO NOT EDIT THIS FILE DIRECTLY.
# yarn lockfile v1


crypto@^1.0.1:
  version "1.0.1"
  resolved "https://registry.npm.taobao.org/crypto/download/crypto-1.0.1.tgz#2af1b7cad8175d24c8a1b0778255794a21803037"
  integrity sha1-KvG3ytgXXSTIobB3glV5SiGAMDc=

"promise-nodeify@>= 0.1":
  version "3.0.1"
  resolved "http://registry.npm.taobao.org/promise-nodeify/download/promise-nodeify-3.0.1.tgz#f0f5d9720ee9ec71dd2bfa92667be504c10229c2"
  integrity sha1-8PXZcg7p7HHdK/qSZnvlBMECKcI=

"proxying-agent@>= 2.1":
  version "2.3.0"
  resolved "http://registry.npm.taobao.org/proxying-agent/download/proxying-agent-2.3.0.tgz#401e5fefd7918e19580859041f5cbc07f2891477"
  integrity sha1-QB5f79eRjhlYCFkEH1y8B/KJFHc=

tinify@^1.6.0-beta.2:
  version "1.6.0-beta.2"
  resolved "http://registry.npm.taobao.org/tinify/download/tinify-1.6.0-beta.2.tgz#5985ca021d11685d846c53ac8465dce78116adfe"
  integrity sha1-WYXKAh0RaF2EbFOshGXc54EWrf4=
  dependencies:
    promise-nodeify ">= 0.1"
    proxying-agent ">= 2.1"
